
Microsoft Visual Studio Solution File, Format Version 12.00
# Visual Studio Version 17
VisualStudioVersion = 17.2.32408.312
MinimumVisualStudioVersion = 10.0.40219.1
Project("{9A19103F-16F7-4668-BE54-9A1E7A4F7556}") = "WebUI", "WebUI\WebUI.csproj", "{634433E3-E3F6-4668-A4C7-975D659556CB}"
EndProject
Project("{9A19103F-16F7-4668-BE54-9A1E7A4F7556}") = "IdentityDomain", "IdentityDomain\IdentityDomain.csproj", "{99584EDB-D9C5-4B91-8FCE-DEF09871183E}"
EndProject
Project("{2150E333-8FDC-42A3-9474-1A3956D46DE8}") = "Solution Items", "Solution Items", "{0168307A-818D-4C64-920C-DD4C63E38240}"
	ProjectSection(SolutionItems) = preProject
		..\.editorconfig = ..\.editorconfig
	EndProjectSection
EndProject
Global
	GlobalSection(SolutionConfigurationPlatforms) = preSolution
		Debug|Any CPU = Debug|Any CPU
		Release|Any CPU = Release|Any CPU
	EndGlobalSection
	GlobalSection(ProjectConfigurationPlatforms) = postSolution
		{634433E3-E3F6-4668-A4C7-975D659556CB}.Debug|Any CPU.ActiveCfg = Debug|Any CPU
		{634433E3-E3F6-4668-A4C7-975D659556CB}.Debug|Any CPU.Build.0 = Debug|Any CPU
		{634433E3-E3F6-4668-A4C7-975D659556CB}.Release|Any CPU.ActiveCfg = Release|Any CPU
		{634433E3-E3F6-4668-A4C7-975D659556CB}.Release|Any CPU.Build.0 = Release|Any CPU
		{99584EDB-D9C5-4B91-8FCE-DEF09871183E}.Debug|Any CPU.ActiveCfg = Debug|Any CPU
		{99584EDB-D9C5-4B91-8FCE-DEF09871183E}.Debug|Any CPU.Build.0 = Debug|Any CPU
		{99584EDB-D9C5-4B91-8FCE-DEF09871183E}.Release|Any CPU.ActiveCfg = Release|Any CPU
		{99584EDB-D9C5-4B91-8FCE-DEF09871183E}.Release|Any CPU.Build.0 = Release|Any CPU
	EndGlobalSection
	GlobalSection(SolutionProperties) = preSolution
		HideSolutionNode = FALSE
	EndGlobalSection
	GlobalSection(ExtensibilityGlobals) = postSolution
		SolutionGuid = {FE799420-2130-40A9-8D30-713FFAAA7069}
	EndGlobalSection
EndGlobal
