
Microsoft Visual Studio Solution File, Format Version 12.00
# Visual Studio Version 17
VisualStudioVersion = 17.7.33711.374
MinimumVisualStudioVersion = 10.0.40219.1
Project("{9A19103F-16F7-4668-BE54-9A1E7A4F7556}") = "Samples.MultiStaticFile.App", "Samples.MultiStaticFile.App\Samples.MultiStaticFile.App.csproj", "{D5C14EDA-53F5-4E9F-9A7D-11D33503BE59}"
EndProject
Project("{2150E333-8FDC-42A3-9474-1A3956D46DE8}") = "Solution Items", "Solution Items", "{5F4FAE20-2FE7-4078-8EE8-1B4BE21704B3}"
	ProjectSection(SolutionItems) = preProject
		.editorconfig = .editorconfig
	EndProjectSection
EndProject
Global
	GlobalSection(SolutionConfigurationPlatforms) = preSolution
		Debug|Any CPU = Debug|Any CPU
		Release|Any CPU = Release|Any CPU
	EndGlobalSection
	GlobalSection(ProjectConfigurationPlatforms) = postSolution
		{D5C14EDA-53F5-4E9F-9A7D-11D33503BE59}.Debug|Any CPU.ActiveCfg = Debug|Any CPU
		{D5C14EDA-53F5-4E9F-9A7D-11D33503BE59}.Debug|Any CPU.Build.0 = Debug|Any CPU
		{D5C14EDA-53F5-4E9F-9A7D-11D33503BE59}.Release|Any CPU.ActiveCfg = Release|Any CPU
		{D5C14EDA-53F5-4E9F-9A7D-11D33503BE59}.Release|Any CPU.Build.0 = Release|Any CPU
	EndGlobalSection
	GlobalSection(SolutionProperties) = preSolution
		HideSolutionNode = FALSE
	EndGlobalSection
	GlobalSection(ExtensibilityGlobals) = postSolution
		SolutionGuid = {AAA34741-B060-4FE1-B788-E21E89261F26}
	EndGlobalSection
EndGlobal
