
Microsoft Visual Studio Solution File, Format Version 12.00
# Visual Studio Version 16
VisualStudioVersion = 16.0.29728.190
MinimumVisualStudioVersion = 10.0.40219.1
Project("{9A19103F-16F7-4668-BE54-9A1E7A4F7556}") = "Util", "DotNet\Util\Util.csproj", "{1D6DC1E6-56D1-4A1D-8E91-227F1D85DA3B}"
EndProject
Global
	GlobalSection(SolutionConfigurationPlatforms) = preSolution
		Debug|Any CPU = Debug|Any CPU
		Release|Any CPU = Release|Any CPU
	EndGlobalSection
	GlobalSection(ProjectConfigurationPlatforms) = postSolution
		{1D6DC1E6-56D1-4A1D-8E91-227F1D85DA3B}.Debug|Any CPU.ActiveCfg = Debug|Any CPU
		{1D6DC1E6-56D1-4A1D-8E91-227F1D85DA3B}.Debug|Any CPU.Build.0 = Debug|Any CPU
		{1D6DC1E6-56D1-4A1D-8E91-227F1D85DA3B}.Release|Any CPU.ActiveCfg = Release|Any CPU
		{1D6DC1E6-56D1-4A1D-8E91-227F1D85DA3B}.Release|Any CPU.Build.0 = Release|Any CPU
	EndGlobalSection
	GlobalSection(SolutionProperties) = preSolution
		HideSolutionNode = FALSE
	EndGlobalSection
	GlobalSection(ExtensibilityGlobals) = postSolution
		SolutionGuid = {7A4AC8A1-A9DC-45D9-86B4-E17AD88A9052}
	EndGlobalSection
EndGlobal
