
Microsoft Visual Studio Solution File, Format Version 12.00
# Visual Studio Version 17
VisualStudioVersion = 17.0.32002.185
MinimumVisualStudioVersion = 10.0.40219.1
Project("{2150E333-8FDC-42A3-9474-1A3956D46DE8}") = "Solution Items", "Solution Items", "{BEE89F6D-60EA-4E33-8FF0-311BCB55FD77}"
	ProjectSection(SolutionItems) = preProject
		.clang-format = .clang-format
		.editorconfig = .editorconfig
	EndProjectSection
EndProject
Project("{9A19103F-16F7-4668-BE54-9A1E7A4F7556}") = "TSMoreland.Interop.App", "TSMoreland.Interop.App\TSMoreland.Interop.App.csproj", "{3351FADD-E5E7-4CF4-A974-B2BE02E517E0}"
EndProject
Project("{8BC9CEB8-8B4A-11D0-8D11-00A0C91BC942}") = "SimpleInProcessCOM", "SimpleInProcessCOM\SimpleInProcessCOM.vcxproj", "{E18843EB-D86C-4990-B7AA-9B81F6682F27}"
EndProject
Project("{FAE04EC0-301F-11D3-BF4B-00C04F79EFBC}") = "TSMoreland.Interop.NetFramework.App", "TSMoreland.Interop.NetFramework.App\TSMoreland.Interop.NetFramework.App.csproj", "{1B6A3935-BA43-46A5-BF06-9ABBA7DF81BB}"
EndProject
Project("{8BC9CEB8-8B4A-11D0-8D11-00A0C91BC942}") = "SimpleOutOfProcessCOM", "SimpleOutOfProcessCOM\SimpleOutOfProcessCOM.vcxproj", "{6EEB4822-E5D8-4105-A2EE-1B723B772C26}"
EndProject
Project("{8BC9CEB8-8B4A-11D0-8D11-00A0C91BC942}") = "TSMoreland.Interop.Cpp.App", "TSMoreland.Interop.Cpp.App\TSMoreland.Interop.Cpp.App.vcxproj", "{36A9A005-96A8-4900-8412-287211815A0F}"
EndProject
Project("{9A19103F-16F7-4668-BE54-9A1E7A4F7556}") = "TSMoreland.Interop.EventProviderGenerator", "TSMoreland.Interop.EventProviderGenerator\TSMoreland.Interop.EventProviderGenerator.csproj", "{73D9B05C-E15B-4804-81BE-9D6EE624879C}"
EndProject
Project("{9A19103F-16F7-4668-BE54-9A1E7A4F7556}") = "TSMoreland.Interop.EventProviderGenerator.Abstractions", "TSMoreland.Interop.EventProviderGenerator.Abstractions\TSMoreland.Interop.EventProviderGenerator.Abstractions.csproj", "{8C87C7C1-196B-4695-B68F-320F8BE8A868}"
EndProject
Project("{FAE04EC0-301F-11D3-BF4B-00C04F79EFBC}") = "TSMoreland.Interop.SimpleObjectCOMProxy", "TSMoreland.Interop.SimpleObjectCOMProxy\TSMoreland.Interop.SimpleObjectCOMProxy.csproj", "{9CCF7394-65FB-41C9-9D65-410B67F4CB13}"
EndProject
Global
	GlobalSection(SolutionConfigurationPlatforms) = preSolution
		Debug|Any CPU = Debug|Any CPU
		Debug|x64 = Debug|x64
		Debug|x86 = Debug|x86
		Release|Any CPU = Release|Any CPU
		Release|x64 = Release|x64
		Release|x86 = Release|x86
	EndGlobalSection
	GlobalSection(ProjectConfigurationPlatforms) = postSolution
		{3351FADD-E5E7-4CF4-A974-B2BE02E517E0}.Debug|Any CPU.ActiveCfg = Debug|Any CPU
		{3351FADD-E5E7-4CF4-A974-B2BE02E517E0}.Debug|Any CPU.Build.0 = Debug|Any CPU
		{3351FADD-E5E7-4CF4-A974-B2BE02E517E0}.Debug|x64.ActiveCfg = Debug|Any CPU
		{3351FADD-E5E7-4CF4-A974-B2BE02E517E0}.Debug|x64.Build.0 = Debug|Any CPU
		{3351FADD-E5E7-4CF4-A974-B2BE02E517E0}.Debug|x86.ActiveCfg = Debug|Any CPU
		{3351FADD-E5E7-4CF4-A974-B2BE02E517E0}.Debug|x86.Build.0 = Debug|Any CPU
		{3351FADD-E5E7-4CF4-A974-B2BE02E517E0}.Release|Any CPU.ActiveCfg = Release|Any CPU
		{3351FADD-E5E7-4CF4-A974-B2BE02E517E0}.Release|Any CPU.Build.0 = Release|Any CPU
		{3351FADD-E5E7-4CF4-A974-B2BE02E517E0}.Release|x64.ActiveCfg = Release|Any CPU
		{3351FADD-E5E7-4CF4-A974-B2BE02E517E0}.Release|x64.Build.0 = Release|Any CPU
		{3351FADD-E5E7-4CF4-A974-B2BE02E517E0}.Release|x86.ActiveCfg = Release|Any CPU
		{3351FADD-E5E7-4CF4-A974-B2BE02E517E0}.Release|x86.Build.0 = Release|Any CPU
		{E18843EB-D86C-4990-B7AA-9B81F6682F27}.Debug|Any CPU.ActiveCfg = Debug|x64
		{E18843EB-D86C-4990-B7AA-9B81F6682F27}.Debug|Any CPU.Build.0 = Debug|x64
		{E18843EB-D86C-4990-B7AA-9B81F6682F27}.Debug|x64.ActiveCfg = Debug|x64
		{E18843EB-D86C-4990-B7AA-9B81F6682F27}.Debug|x64.Build.0 = Debug|x64
		{E18843EB-D86C-4990-B7AA-9B81F6682F27}.Debug|x86.ActiveCfg = Debug|Win32
		{E18843EB-D86C-4990-B7AA-9B81F6682F27}.Debug|x86.Build.0 = Debug|Win32
		{E18843EB-D86C-4990-B7AA-9B81F6682F27}.Release|Any CPU.ActiveCfg = Release|x64
		{E18843EB-D86C-4990-B7AA-9B81F6682F27}.Release|Any CPU.Build.0 = Release|x64
		{E18843EB-D86C-4990-B7AA-9B81F6682F27}.Release|x64.ActiveCfg = Release|x64
		{E18843EB-D86C-4990-B7AA-9B81F6682F27}.Release|x64.Build.0 = Release|x64
		{E18843EB-D86C-4990-B7AA-9B81F6682F27}.Release|x86.ActiveCfg = Release|Win32
		{E18843EB-D86C-4990-B7AA-9B81F6682F27}.Release|x86.Build.0 = Release|Win32
		{1B6A3935-BA43-46A5-BF06-9ABBA7DF81BB}.Debug|Any CPU.ActiveCfg = Debug|Any CPU
		{1B6A3935-BA43-46A5-BF06-9ABBA7DF81BB}.Debug|Any CPU.Build.0 = Debug|Any CPU
		{1B6A3935-BA43-46A5-BF06-9ABBA7DF81BB}.Debug|x64.ActiveCfg = Debug|Any CPU
		{1B6A3935-BA43-46A5-BF06-9ABBA7DF81BB}.Debug|x64.Build.0 = Debug|Any CPU
		{1B6A3935-BA43-46A5-BF06-9ABBA7DF81BB}.Debug|x86.ActiveCfg = Debug|Any CPU
		{1B6A3935-BA43-46A5-BF06-9ABBA7DF81BB}.Debug|x86.Build.0 = Debug|Any CPU
		{1B6A3935-BA43-46A5-BF06-9ABBA7DF81BB}.Release|Any CPU.ActiveCfg = Release|Any CPU
		{1B6A3935-BA43-46A5-BF06-9ABBA7DF81BB}.Release|Any CPU.Build.0 = Release|Any CPU
		{1B6A3935-BA43-46A5-BF06-9ABBA7DF81BB}.Release|x64.ActiveCfg = Release|Any CPU
		{1B6A3935-BA43-46A5-BF06-9ABBA7DF81BB}.Release|x64.Build.0 = Release|Any CPU
		{1B6A3935-BA43-46A5-BF06-9ABBA7DF81BB}.Release|x86.ActiveCfg = Release|Any CPU
		{1B6A3935-BA43-46A5-BF06-9ABBA7DF81BB}.Release|x86.Build.0 = Release|Any CPU
		{6EEB4822-E5D8-4105-A2EE-1B723B772C26}.Debug|Any CPU.ActiveCfg = Debug|x64
		{6EEB4822-E5D8-4105-A2EE-1B723B772C26}.Debug|Any CPU.Build.0 = Debug|x64
		{6EEB4822-E5D8-4105-A2EE-1B723B772C26}.Debug|x64.ActiveCfg = Debug|x64
		{6EEB4822-E5D8-4105-A2EE-1B723B772C26}.Debug|x64.Build.0 = Debug|x64
		{6EEB4822-E5D8-4105-A2EE-1B723B772C26}.Debug|x86.ActiveCfg = Debug|Win32
		{6EEB4822-E5D8-4105-A2EE-1B723B772C26}.Debug|x86.Build.0 = Debug|Win32
		{6EEB4822-E5D8-4105-A2EE-1B723B772C26}.Release|Any CPU.ActiveCfg = Release|x64
		{6EEB4822-E5D8-4105-A2EE-1B723B772C26}.Release|Any CPU.Build.0 = Release|x64
		{6EEB4822-E5D8-4105-A2EE-1B723B772C26}.Release|x64.ActiveCfg = Release|x64
		{6EEB4822-E5D8-4105-A2EE-1B723B772C26}.Release|x64.Build.0 = Release|x64
		{6EEB4822-E5D8-4105-A2EE-1B723B772C26}.Release|x86.ActiveCfg = Release|Win32
		{6EEB4822-E5D8-4105-A2EE-1B723B772C26}.Release|x86.Build.0 = Release|Win32
		{36A9A005-96A8-4900-8412-287211815A0F}.Debug|Any CPU.ActiveCfg = Debug|x64
		{36A9A005-96A8-4900-8412-287211815A0F}.Debug|Any CPU.Build.0 = Debug|x64
		{36A9A005-96A8-4900-8412-287211815A0F}.Debug|x64.ActiveCfg = Debug|x64
		{36A9A005-96A8-4900-8412-287211815A0F}.Debug|x64.Build.0 = Debug|x64
		{36A9A005-96A8-4900-8412-287211815A0F}.Debug|x86.ActiveCfg = Debug|Win32
		{36A9A005-96A8-4900-8412-287211815A0F}.Debug|x86.Build.0 = Debug|Win32
		{36A9A005-96A8-4900-8412-287211815A0F}.Release|Any CPU.ActiveCfg = Release|x64
		{36A9A005-96A8-4900-8412-287211815A0F}.Release|Any CPU.Build.0 = Release|x64
		{36A9A005-96A8-4900-8412-287211815A0F}.Release|x64.ActiveCfg = Release|x64
		{36A9A005-96A8-4900-8412-287211815A0F}.Release|x64.Build.0 = Release|x64
		{36A9A005-96A8-4900-8412-287211815A0F}.Release|x86.ActiveCfg = Release|Win32
		{36A9A005-96A8-4900-8412-287211815A0F}.Release|x86.Build.0 = Release|Win32
		{73D9B05C-E15B-4804-81BE-9D6EE624879C}.Debug|Any CPU.ActiveCfg = Debug|Any CPU
		{73D9B05C-E15B-4804-81BE-9D6EE624879C}.Debug|Any CPU.Build.0 = Debug|Any CPU
		{73D9B05C-E15B-4804-81BE-9D6EE624879C}.Debug|x64.ActiveCfg = Debug|Any CPU
		{73D9B05C-E15B-4804-81BE-9D6EE624879C}.Debug|x64.Build.0 = Debug|Any CPU
		{73D9B05C-E15B-4804-81BE-9D6EE624879C}.Debug|x86.ActiveCfg = Debug|Any CPU
		{73D9B05C-E15B-4804-81BE-9D6EE624879C}.Debug|x86.Build.0 = Debug|Any CPU
		{73D9B05C-E15B-4804-81BE-9D6EE624879C}.Release|Any CPU.ActiveCfg = Release|Any CPU
		{73D9B05C-E15B-4804-81BE-9D6EE624879C}.Release|Any CPU.Build.0 = Release|Any CPU
		{73D9B05C-E15B-4804-81BE-9D6EE624879C}.Release|x64.ActiveCfg = Release|Any CPU
		{73D9B05C-E15B-4804-81BE-9D6EE624879C}.Release|x64.Build.0 = Release|Any CPU
		{73D9B05C-E15B-4804-81BE-9D6EE624879C}.Release|x86.ActiveCfg = Release|Any CPU
		{73D9B05C-E15B-4804-81BE-9D6EE624879C}.Release|x86.Build.0 = Release|Any CPU
		{8C87C7C1-196B-4695-B68F-320F8BE8A868}.Debug|Any CPU.ActiveCfg = Debug|Any CPU
		{8C87C7C1-196B-4695-B68F-320F8BE8A868}.Debug|Any CPU.Build.0 = Debug|Any CPU
		{8C87C7C1-196B-4695-B68F-320F8BE8A868}.Debug|x64.ActiveCfg = Debug|Any CPU
		{8C87C7C1-196B-4695-B68F-320F8BE8A868}.Debug|x64.Build.0 = Debug|Any CPU
		{8C87C7C1-196B-4695-B68F-320F8BE8A868}.Debug|x86.ActiveCfg = Debug|Any CPU
		{8C87C7C1-196B-4695-B68F-320F8BE8A868}.Debug|x86.Build.0 = Debug|Any CPU
		{8C87C7C1-196B-4695-B68F-320F8BE8A868}.Release|Any CPU.ActiveCfg = Release|Any CPU
		{8C87C7C1-196B-4695-B68F-320F8BE8A868}.Release|Any CPU.Build.0 = Release|Any CPU
		{8C87C7C1-196B-4695-B68F-320F8BE8A868}.Release|x64.ActiveCfg = Release|Any CPU
		{8C87C7C1-196B-4695-B68F-320F8BE8A868}.Release|x64.Build.0 = Release|Any CPU
		{8C87C7C1-196B-4695-B68F-320F8BE8A868}.Release|x86.ActiveCfg = Release|Any CPU
		{8C87C7C1-196B-4695-B68F-320F8BE8A868}.Release|x86.Build.0 = Release|Any CPU
		{9CCF7394-65FB-41C9-9D65-410B67F4CB13}.Debug|Any CPU.ActiveCfg = Debug|Any CPU
		{9CCF7394-65FB-41C9-9D65-410B67F4CB13}.Debug|Any CPU.Build.0 = Debug|Any CPU
		{9CCF7394-65FB-41C9-9D65-410B67F4CB13}.Debug|x64.ActiveCfg = Debug|Any CPU
		{9CCF7394-65FB-41C9-9D65-410B67F4CB13}.Debug|x64.Build.0 = Debug|Any CPU
		{9CCF7394-65FB-41C9-9D65-410B67F4CB13}.Debug|x86.ActiveCfg = Debug|Any CPU
		{9CCF7394-65FB-41C9-9D65-410B67F4CB13}.Debug|x86.Build.0 = Debug|Any CPU
		{9CCF7394-65FB-41C9-9D65-410B67F4CB13}.Release|Any CPU.ActiveCfg = Release|Any CPU
		{9CCF7394-65FB-41C9-9D65-410B67F4CB13}.Release|Any CPU.Build.0 = Release|Any CPU
		{9CCF7394-65FB-41C9-9D65-410B67F4CB13}.Release|x64.ActiveCfg = Release|Any CPU
		{9CCF7394-65FB-41C9-9D65-410B67F4CB13}.Release|x64.Build.0 = Release|Any CPU
		{9CCF7394-65FB-41C9-9D65-410B67F4CB13}.Release|x86.ActiveCfg = Release|Any CPU
		{9CCF7394-65FB-41C9-9D65-410B67F4CB13}.Release|x86.Build.0 = Release|Any CPU
	EndGlobalSection
	GlobalSection(SolutionProperties) = preSolution
		HideSolutionNode = FALSE
	EndGlobalSection
	GlobalSection(ExtensibilityGlobals) = postSolution
		SolutionGuid = {40738531-2443-4D3D-8DE9-AA9BE36D9B73}
	EndGlobalSection
EndGlobal
