
Microsoft Visual Studio Solution File, Format Version 12.00
# Visual Studio Version 17
VisualStudioVersion = 17.0.31912.275
MinimumVisualStudioVersion = 10.0.40219.1
Project("{FAE04EC0-301F-11D3-BF4B-00C04F79EFBC}") = "TSMoreland.ObjectTracker.App", "TSMoreland.ObjectTracker.App\TSMoreland.ObjectTracker.App.csproj", "{08DA6A2A-3E84-4070-8F56-D75BBD9235CD}"
EndProject
Project("{FAE04EC0-301F-11D3-BF4B-00C04F79EFBC}") = "TSMoreland.ObjectTracker.Core", "TSMoreland.ObjectTracker.Core\TSMoreland.ObjectTracker.Core.csproj", "{1CE53058-046D-4347-86CC-7DC0376678F0}"
EndProject
Project("{FAE04EC0-301F-11D3-BF4B-00C04F79EFBC}") = "TSMoreland.ObjectTracker.Data.Abstractions", "TSMoreland.ObjectTracker.Data.Abstractions\TSMoreland.ObjectTracker.Data.Abstractions.csproj", "{522D5B69-A6F0-418A-AC71-60034B0AF417}"
EndProject
Project("{FAE04EC0-301F-11D3-BF4B-00C04F79EFBC}") = "TSMoreland.ObjectTracker.Data", "TSMoreland.ObjectTracker.Data\TSMoreland.ObjectTracker.Data.csproj", "{110AF518-8750-4FA9-A91E-B25565BF3A4D}"
EndProject
Global
	GlobalSection(SolutionConfigurationPlatforms) = preSolution
		Debug|Any CPU = Debug|Any CPU
		Release|Any CPU = Release|Any CPU
	EndGlobalSection
	GlobalSection(ProjectConfigurationPlatforms) = postSolution
		{08DA6A2A-3E84-4070-8F56-D75BBD9235CD}.Debug|Any CPU.ActiveCfg = Debug|Any CPU
		{08DA6A2A-3E84-4070-8F56-D75BBD9235CD}.Debug|Any CPU.Build.0 = Debug|Any CPU
		{08DA6A2A-3E84-4070-8F56-D75BBD9235CD}.Release|Any CPU.ActiveCfg = Release|Any CPU
		{08DA6A2A-3E84-4070-8F56-D75BBD9235CD}.Release|Any CPU.Build.0 = Release|Any CPU
		{1CE53058-046D-4347-86CC-7DC0376678F0}.Debug|Any CPU.ActiveCfg = Debug|Any CPU
		{1CE53058-046D-4347-86CC-7DC0376678F0}.Debug|Any CPU.Build.0 = Debug|Any CPU
		{1CE53058-046D-4347-86CC-7DC0376678F0}.Release|Any CPU.ActiveCfg = Release|Any CPU
		{1CE53058-046D-4347-86CC-7DC0376678F0}.Release|Any CPU.Build.0 = Release|Any CPU
		{522D5B69-A6F0-418A-AC71-60034B0AF417}.Debug|Any CPU.ActiveCfg = Debug|Any CPU
		{522D5B69-A6F0-418A-AC71-60034B0AF417}.Debug|Any CPU.Build.0 = Debug|Any CPU
		{522D5B69-A6F0-418A-AC71-60034B0AF417}.Release|Any CPU.ActiveCfg = Release|Any CPU
		{522D5B69-A6F0-418A-AC71-60034B0AF417}.Release|Any CPU.Build.0 = Release|Any CPU
		{110AF518-8750-4FA9-A91E-B25565BF3A4D}.Debug|Any CPU.ActiveCfg = Debug|Any CPU
		{110AF518-8750-4FA9-A91E-B25565BF3A4D}.Debug|Any CPU.Build.0 = Debug|Any CPU
		{110AF518-8750-4FA9-A91E-B25565BF3A4D}.Release|Any CPU.ActiveCfg = Release|Any CPU
		{110AF518-8750-4FA9-A91E-B25565BF3A4D}.Release|Any CPU.Build.0 = Release|Any CPU
	EndGlobalSection
	GlobalSection(SolutionProperties) = preSolution
		HideSolutionNode = FALSE
	EndGlobalSection
	GlobalSection(ExtensibilityGlobals) = postSolution
		SolutionGuid = {9F45100D-97D6-44B2-8550-34D55E6C1FEA}
	EndGlobalSection
EndGlobal
