<?xml version="1.0" encoding="utf-8"?>
<Project ToolsVersion="4.0" xmlns="http://schemas.microsoft.com/developer/msbuild/2003">
  <ItemGroup>
    <Filter Include="Source Files">
      <UniqueIdentifier>{4FC737F1-C7A5-4376-A066-2A32D752A2FF}</UniqueIdentifier>
      <Extensions>cpp;c;cc;cxx;def;odl;idl;hpj;bat;asm;asmx</Extensions>
    </Filter>
    <Filter Include="Header Files">
      <UniqueIdentifier>{93995380-89BD-4b04-88EB-625FBE52EBFB}</UniqueIdentifier>
      <Extensions>h;hh;hpp;hxx;hm;inl;inc;ipp;xsd</Extensions>
    </Filter>
    <Filter Include="Resource Files">
      <UniqueIdentifier>{67DA6AB6-F800-4c08-8B7A-83BB121AAD01}</UniqueIdentifier>
      <Extensions>rc;ico;cur;bmp;dlg;rc2;rct;bin;rgs;gif;jpg;jpeg;jpe;resx;tiff;tif;png;wav;mfcribbon-ms</Extensions>
    </Filter>
    <Filter Include="Generated Files">
      <UniqueIdentifier>{d487ca84-0be9-4440-91f9-7fa64f915599}</UniqueIdentifier>
      <SourceControlFiles>False</SourceControlFiles>
    </Filter>
    <Filter Include="Header Files\COM">
      <UniqueIdentifier>{956c2ccc-90ea-4ce3-a925-b67129e338a7}</UniqueIdentifier>
    </Filter>
    <Filter Include="Source Files\COM">
      <UniqueIdentifier>{bedbe1f3-2da1-4dc0-a0fc-8587dba1706e}</UniqueIdentifier>
    </Filter>
    <Filter Include="Header Files\CookieCutter">
      <UniqueIdentifier>{895f7aba-4e31-42fa-a8cb-73b423a3e128}</UniqueIdentifier>
    </Filter>
    <Filter Include="Header Files\Native">
      <UniqueIdentifier>{8e7352ee-9b8a-4372-a19b-b4ad5340d2f3}</UniqueIdentifier>
    </Filter>
    <Filter Include="Source Files\Native">
      <UniqueIdentifier>{6b195233-47a4-4193-b5a8-2fe53555d6a0}</UniqueIdentifier>
    </Filter>
    <Filter Include="Source Files\CookieCutter">
      <UniqueIdentifier>{650b053a-f2a4-4b44-bc61-cd6804dc01fb}</UniqueIdentifier>
    </Filter>
  </ItemGroup>
  <ItemGroup>
    <ClInclude Include="ATLBear_i.h">
      <Filter>Generated Files</Filter>
    </ClInclude>
    <ClInclude Include="dllmain.h">
      <Filter>Header Files\CookieCutter</Filter>
    </ClInclude>
    <ClInclude Include="framework.h">
      <Filter>Header Files\CookieCutter</Filter>
    </ClInclude>
    <ClInclude Include="pch.h">
      <Filter>Header Files\CookieCutter</Filter>
    </ClInclude>
    <ClInclude Include="Resource.h">
      <Filter>Header Files\CookieCutter</Filter>
    </ClInclude>
    <ClInclude Include="targetver.h">
      <Filter>Header Files\CookieCutter</Filter>
    </ClInclude>
    <ClInclude Include="xdlldata.h">
      <Filter>Header Files\CookieCutter</Filter>
    </ClInclude>
    <ClInclude Include="CGrizzly.h">
      <Filter>Header Files\COM</Filter>
    </ClInclude>
    <ClInclude Include="GrizzlyBear.h">
      <Filter>Header Files\Native</Filter>
    </ClInclude>
  </ItemGroup>
  <ItemGroup>
    <ClCompile Include="ATLBear_i.c">
      <Filter>Generated Files</Filter>
    </ClCompile>
    <ClCompile Include="ATLBear.cpp">
      <Filter>Source Files\CookieCutter</Filter>
    </ClCompile>
    <ClCompile Include="dllmain.cpp">
      <Filter>Source Files\CookieCutter</Filter>
    </ClCompile>
    <ClCompile Include="pch.cpp">
      <Filter>Source Files\CookieCutter</Filter>
    </ClCompile>
    <ClCompile Include="xdlldata.c">
      <Filter>Source Files\CookieCutter</Filter>
    </ClCompile>
    <ClCompile Include="CGrizzly.cpp">
      <Filter>Source Files\COM</Filter>
    </ClCompile>
    <ClCompile Include="GrizzlyBear.cpp">
      <Filter>Source Files\Native</Filter>
    </ClCompile>
  </ItemGroup>
  <ItemGroup>
    <ResourceCompile Include="ATLBear.rc">
      <Filter>Resource Files</Filter>
    </ResourceCompile>
  </ItemGroup>
  <ItemGroup>
    <None Include="ATLBear.rgs">
      <Filter>Resource Files</Filter>
    </None>
    <None Include="Grizzly.rgs">
      <Filter>Resource Files</Filter>
    </None>
    <None Include="ATLBear.def">
      <Filter>Source Files\CookieCutter</Filter>
    </None>
  </ItemGroup>
  <ItemGroup>
    <Midl Include="ATLBear.idl">
      <Filter>Source Files\CookieCutter</Filter>
    </Midl>
  </ItemGroup>
  <ItemGroup>
    <Xml Include="manifest.xml">
      <Filter>Resource Files</Filter>
    </Xml>
  </ItemGroup>
</Project>