
Microsoft Visual Studio Solution File, Format Version 12.00
# Visual Studio Version 17
VisualStudioVersion = 17.3.32825.248
MinimumVisualStudioVersion = 10.0.40219.1
Project("{9A19103F-16F7-4668-BE54-9A1E7A4F7556}") = "Tsmoreland.EntityFramework.Core.Experimental.App", "src\App\Tsmoreland.EntityFramework.Core.Experimental.App.csproj", "{0FE469FF-0751-4448-852C-578DBD5635C4}"
EndProject
Project("{9A19103F-16F7-4668-BE54-9A1E7A4F7556}") = "Tsmoreland.EntityFramework.Core.Experimental.Domain", "src\Domain\Tsmoreland.EntityFramework.Core.Experimental.Domain.csproj", "{113CD7A8-D4B0-42B5-B649-DA3168406EB9}"
EndProject
Project("{2150E333-8FDC-42A3-9474-1A3956D46DE8}") = "Solution Items", "Solution Items", "{E0404832-74C6-4E86-94DE-CCDF8AF17994}"
	ProjectSection(SolutionItems) = preProject
		.editorconfig = .editorconfig
	EndProjectSection
EndProject
Project("{FAE04EC0-301F-11D3-BF4B-00C04F79EFBC}") = "Tsmoreland.EntityFramework.Core.Experimental.Infrastructure", "src\Infrastructure\Tsmoreland.EntityFramework.Core.Experimental.Infrastructure.csproj", "{9A0E90CA-906A-4FB2-B6A3-95FE2376D5CE}"
EndProject
Global
	GlobalSection(SolutionConfigurationPlatforms) = preSolution
		Debug|Any CPU = Debug|Any CPU
		Release|Any CPU = Release|Any CPU
	EndGlobalSection
	GlobalSection(ProjectConfigurationPlatforms) = postSolution
		{0FE469FF-0751-4448-852C-578DBD5635C4}.Debug|Any CPU.ActiveCfg = Debug|Any CPU
		{0FE469FF-0751-4448-852C-578DBD5635C4}.Debug|Any CPU.Build.0 = Debug|Any CPU
		{0FE469FF-0751-4448-852C-578DBD5635C4}.Release|Any CPU.ActiveCfg = Release|Any CPU
		{0FE469FF-0751-4448-852C-578DBD5635C4}.Release|Any CPU.Build.0 = Release|Any CPU
		{113CD7A8-D4B0-42B5-B649-DA3168406EB9}.Debug|Any CPU.ActiveCfg = Debug|Any CPU
		{113CD7A8-D4B0-42B5-B649-DA3168406EB9}.Debug|Any CPU.Build.0 = Debug|Any CPU
		{113CD7A8-D4B0-42B5-B649-DA3168406EB9}.Release|Any CPU.ActiveCfg = Release|Any CPU
		{113CD7A8-D4B0-42B5-B649-DA3168406EB9}.Release|Any CPU.Build.0 = Release|Any CPU
		{9A0E90CA-906A-4FB2-B6A3-95FE2376D5CE}.Debug|Any CPU.ActiveCfg = Debug|Any CPU
		{9A0E90CA-906A-4FB2-B6A3-95FE2376D5CE}.Debug|Any CPU.Build.0 = Debug|Any CPU
		{9A0E90CA-906A-4FB2-B6A3-95FE2376D5CE}.Release|Any CPU.ActiveCfg = Release|Any CPU
		{9A0E90CA-906A-4FB2-B6A3-95FE2376D5CE}.Release|Any CPU.Build.0 = Release|Any CPU
	EndGlobalSection
	GlobalSection(SolutionProperties) = preSolution
		HideSolutionNode = FALSE
	EndGlobalSection
	GlobalSection(ExtensibilityGlobals) = postSolution
		SolutionGuid = {1831F508-18B4-4B6E-B24A-3475EA5B7AB1}
	EndGlobalSection
EndGlobal
