
Microsoft Visual Studio Solution File, Format Version 12.00
# Visual Studio Version 16
VisualStudioVersion = 16.0.29519.87
MinimumVisualStudioVersion = 10.0.40219.1
Project("{8BC9CEB8-8B4A-11D0-8D11-00A0C91BC942}") = "ATLBear", "ATLBear\ATLBear.vcxproj", "{2B30E78B-2330-4697-82C3-6378BD9EE124}"
EndProject
Project("{2150E333-8FDC-42A3-9474-1A3956D46DE8}") = "COM", "COM", "{67C28E17-CBB8-4A2B-A6EB-5DB709BB308F}"
EndProject
Project("{8BC9CEB8-8B4A-11D0-8D11-00A0C91BC942}") = "RoarTest", "RoarTest\RoarTest.vcxproj", "{2B9CBBBC-E00E-453E-8B7A-84931A08B312}"
EndProject
Project("{FAE04EC0-301F-11D3-BF4B-00C04F79EFBC}") = "NetFrameworkBear", "NetFrameworkBear\NetFrameworkBear.csproj", "{2FC2495C-97F0-4228-9B09-CD29939282C9}"
EndProject
Project("{FAE04EC0-301F-11D3-BF4B-00C04F79EFBC}") = "RoarTestCore", "RoarTestCore\RoarTestCore.csproj", "{1DA3E1E1-CDB6-41E6-8430-12DB83FA38DE}"
EndProject
Global
	GlobalSection(SolutionConfigurationPlatforms) = preSolution
		Debug|Any CPU = Debug|Any CPU
		Debug|x64 = Debug|x64
		Debug|x86 = Debug|x86
		Release|Any CPU = Release|Any CPU
		Release|x64 = Release|x64
		Release|x86 = Release|x86
	EndGlobalSection
	GlobalSection(ProjectConfigurationPlatforms) = postSolution
		{2B30E78B-2330-4697-82C3-6378BD9EE124}.Debug|Any CPU.ActiveCfg = Debug|Win32
		{2B30E78B-2330-4697-82C3-6378BD9EE124}.Debug|x64.ActiveCfg = Debug|x64
		{2B30E78B-2330-4697-82C3-6378BD9EE124}.Debug|x64.Build.0 = Debug|x64
		{2B30E78B-2330-4697-82C3-6378BD9EE124}.Debug|x86.ActiveCfg = Debug|Win32
		{2B30E78B-2330-4697-82C3-6378BD9EE124}.Debug|x86.Build.0 = Debug|Win32
		{2B30E78B-2330-4697-82C3-6378BD9EE124}.Release|Any CPU.ActiveCfg = Release|Win32
		{2B30E78B-2330-4697-82C3-6378BD9EE124}.Release|x64.ActiveCfg = Debug|x64
		{2B30E78B-2330-4697-82C3-6378BD9EE124}.Release|x64.Build.0 = Debug|x64
		{2B30E78B-2330-4697-82C3-6378BD9EE124}.Release|x86.ActiveCfg = Debug|Win32
		{2B9CBBBC-E00E-453E-8B7A-84931A08B312}.Debug|Any CPU.ActiveCfg = Debug|Win32
		{2B9CBBBC-E00E-453E-8B7A-84931A08B312}.Debug|x64.ActiveCfg = Debug|x64
		{2B9CBBBC-E00E-453E-8B7A-84931A08B312}.Debug|x64.Build.0 = Debug|x64
		{2B9CBBBC-E00E-453E-8B7A-84931A08B312}.Debug|x86.ActiveCfg = Debug|Win32
		{2B9CBBBC-E00E-453E-8B7A-84931A08B312}.Debug|x86.Build.0 = Debug|Win32
		{2B9CBBBC-E00E-453E-8B7A-84931A08B312}.Release|Any CPU.ActiveCfg = Release|Win32
		{2B9CBBBC-E00E-453E-8B7A-84931A08B312}.Release|x64.ActiveCfg = Debug|x64
		{2B9CBBBC-E00E-453E-8B7A-84931A08B312}.Release|x64.Build.0 = Debug|x64
		{2B9CBBBC-E00E-453E-8B7A-84931A08B312}.Release|x86.ActiveCfg = Debug|Win32
		{2FC2495C-97F0-4228-9B09-CD29939282C9}.Debug|Any CPU.ActiveCfg = Debug|x86
		{2FC2495C-97F0-4228-9B09-CD29939282C9}.Debug|x64.ActiveCfg = Debug|x64
		{2FC2495C-97F0-4228-9B09-CD29939282C9}.Debug|x64.Build.0 = Debug|x64
		{2FC2495C-97F0-4228-9B09-CD29939282C9}.Debug|x86.ActiveCfg = Debug|x86
		{2FC2495C-97F0-4228-9B09-CD29939282C9}.Debug|x86.Build.0 = Debug|x86
		{2FC2495C-97F0-4228-9B09-CD29939282C9}.Release|Any CPU.ActiveCfg = Release|x86
		{2FC2495C-97F0-4228-9B09-CD29939282C9}.Release|x64.ActiveCfg = Debug|x64
		{2FC2495C-97F0-4228-9B09-CD29939282C9}.Release|x64.Build.0 = Debug|x64
		{2FC2495C-97F0-4228-9B09-CD29939282C9}.Release|x86.ActiveCfg = Debug|x86
		{2FC2495C-97F0-4228-9B09-CD29939282C9}.Release|x86.Build.0 = Debug|x86
		{1DA3E1E1-CDB6-41E6-8430-12DB83FA38DE}.Debug|Any CPU.ActiveCfg = Debug|Any CPU
		{1DA3E1E1-CDB6-41E6-8430-12DB83FA38DE}.Debug|Any CPU.Build.0 = Debug|Any CPU
		{1DA3E1E1-CDB6-41E6-8430-12DB83FA38DE}.Debug|x64.ActiveCfg = Debug|Any CPU
		{1DA3E1E1-CDB6-41E6-8430-12DB83FA38DE}.Debug|x64.Build.0 = Debug|Any CPU
		{1DA3E1E1-CDB6-41E6-8430-12DB83FA38DE}.Debug|x86.ActiveCfg = Debug|Any CPU
		{1DA3E1E1-CDB6-41E6-8430-12DB83FA38DE}.Debug|x86.Build.0 = Debug|Any CPU
		{1DA3E1E1-CDB6-41E6-8430-12DB83FA38DE}.Release|Any CPU.ActiveCfg = Release|Any CPU
		{1DA3E1E1-CDB6-41E6-8430-12DB83FA38DE}.Release|Any CPU.Build.0 = Release|Any CPU
		{1DA3E1E1-CDB6-41E6-8430-12DB83FA38DE}.Release|x64.ActiveCfg = Release|Any CPU
		{1DA3E1E1-CDB6-41E6-8430-12DB83FA38DE}.Release|x64.Build.0 = Release|Any CPU
		{1DA3E1E1-CDB6-41E6-8430-12DB83FA38DE}.Release|x86.ActiveCfg = Release|Any CPU
		{1DA3E1E1-CDB6-41E6-8430-12DB83FA38DE}.Release|x86.Build.0 = Release|Any CPU
	EndGlobalSection
	GlobalSection(SolutionProperties) = preSolution
		HideSolutionNode = FALSE
	EndGlobalSection
	GlobalSection(NestedProjects) = preSolution
		{2B30E78B-2330-4697-82C3-6378BD9EE124} = {67C28E17-CBB8-4A2B-A6EB-5DB709BB308F}
		{2FC2495C-97F0-4228-9B09-CD29939282C9} = {67C28E17-CBB8-4A2B-A6EB-5DB709BB308F}
	EndGlobalSection
	GlobalSection(ExtensibilityGlobals) = postSolution
		SolutionGuid = {89F2A412-BAF9-4BC6-B5FD-7B89B9E4624E}
	EndGlobalSection
EndGlobal
