
Microsoft Visual Studio Solution File, Format Version 12.00
# Visual Studio Version 17
VisualStudioVersion = 17.1.31903.286
MinimumVisualStudioVersion = 10.0.40219.1
Project("{9A19103F-16F7-4668-BE54-9A1E7A4F7556}") = "TSMoreland.AspNetCore.CustomMessageHandler.Client", "TSMoreland.AspNetCore.CustomMessageHandler.Client\TSMoreland.AspNetCore.CustomMessageHandler.Client.csproj", "{8FFBB54B-E0ED-4D46-9FA3-342ADF6B0FDA}"
EndProject
Project("{9A19103F-16F7-4668-BE54-9A1E7A4F7556}") = "TSMoreland.AspNetCore.TestApi", "TSMoreland.AspNetCore.TestApi\TSMoreland.AspNetCore.TestApi.csproj", "{5BB50DE3-AECC-4A8B-8E86-1141050FB3B2}"
EndProject
Global
	GlobalSection(SolutionConfigurationPlatforms) = preSolution
		Debug|Any CPU = Debug|Any CPU
		Release|Any CPU = Release|Any CPU
	EndGlobalSection
	GlobalSection(ProjectConfigurationPlatforms) = postSolution
		{8FFBB54B-E0ED-4D46-9FA3-342ADF6B0FDA}.Debug|Any CPU.ActiveCfg = Debug|Any CPU
		{8FFBB54B-E0ED-4D46-9FA3-342ADF6B0FDA}.Debug|Any CPU.Build.0 = Debug|Any CPU
		{8FFBB54B-E0ED-4D46-9FA3-342ADF6B0FDA}.Release|Any CPU.ActiveCfg = Release|Any CPU
		{8FFBB54B-E0ED-4D46-9FA3-342ADF6B0FDA}.Release|Any CPU.Build.0 = Release|Any CPU
		{5BB50DE3-AECC-4A8B-8E86-1141050FB3B2}.Debug|Any CPU.ActiveCfg = Debug|Any CPU
		{5BB50DE3-AECC-4A8B-8E86-1141050FB3B2}.Debug|Any CPU.Build.0 = Debug|Any CPU
		{5BB50DE3-AECC-4A8B-8E86-1141050FB3B2}.Release|Any CPU.ActiveCfg = Release|Any CPU
		{5BB50DE3-AECC-4A8B-8E86-1141050FB3B2}.Release|Any CPU.Build.0 = Release|Any CPU
	EndGlobalSection
	GlobalSection(SolutionProperties) = preSolution
		HideSolutionNode = FALSE
	EndGlobalSection
	GlobalSection(ExtensibilityGlobals) = postSolution
		SolutionGuid = {D3E96E41-BDF9-4C09-8A84-421B00D9779A}
	EndGlobalSection
EndGlobal
